schema: '2.0'
stages:
  classification_train:
    cmd: python -m src.classification.train_classifier
    deps:
    - path: data/labeled/classification/train.csv
      hash: md5
      md5: 3e79ed6708be4de1f7e99c045e153865
      size: 997
    - path: data/labeled/classification/val.csv
      hash: md5
      md5: f517702b3305f8461e906b561bdefda6
      size: 245
    - path: src/classification/label_space.py
      hash: md5
      md5: abab99323aab5a93d5d2988247f6aff5
      size: 167
    - path: src/classification/ml_classifier.py
      hash: md5
      md5: c0168d37923272b41fb04db59f00cc13
      size: 2071
    - path: src/classification/train_classifier.py
      hash: md5
      md5: c8749a2f6088152ee4d3615d9e500f68
      size: 4498
    - path: src/mlops/mlflow_utils.py
      hash: md5
      md5: df5c78bd03af06fd756a5bdaa6946238
      size: 2486
    outs:
    - path: data/models/classification/tfidf_logreg.joblib
      hash: md5
      md5: 908863c83e17a400c2401d56bea17220
      size: 11732
  classification_evaluate:
    cmd: python -m src.classification.evaluate_classifier
    deps:
    - path: data/labeled/classification/test.csv
      hash: md5
      md5: 8956d333e5f871aefca1bbeff22149e2
      size: 244
    - path: data/models/classification/tfidf_logreg.joblib
      hash: md5
      md5: 908863c83e17a400c2401d56bea17220
      size: 11732
    - path: src/classification/evaluate_classifier.py
      hash: md5
      md5: 1546f6a032f426f6829436a430e42275
      size: 3092
    - path: src/classification/ml_classifier.py
      hash: md5
      md5: c0168d37923272b41fb04db59f00cc13
      size: 2071
    - path: src/mlops/mlflow_utils.py
      hash: md5
      md5: df5c78bd03af06fd756a5bdaa6946238
      size: 2486
    outs:
    - path: data/models/classification/eval_report.txt
      hash: md5
      md5: edba2f9365f671c07fae02e3a9418703
      size: 503
  data_ingest:
    cmd: python -m src.pipelines.data_ingest_pipeline
    deps:
    - path: data/raw/
      hash: md5
      md5: 96555dad3927bc5ea7aad36211191935.dir
      size: 17062895
      nfiles: 15
    - path: src/pipelines/data_ingest_pipeline.py
      hash: md5
      md5: cc18ba58468928cab78396e8b3e00fc0
      size: 3643
    outs:
    - path: data/ocr_input/
      hash: md5
      md5: 201cc2ae8484bee01ce81dfcb9ac227d.dir
      size: 17068325
      nfiles: 13
  ocr:
    cmd: python -m src.pipelines.ocr_pipeline
    deps:
    - path: data/ocr_input/
      hash: md5
      md5: 201cc2ae8484bee01ce81dfcb9ac227d.dir
      size: 17068325
      nfiles: 13
    - path: src/pipelines/ocr_pipeline.py
      hash: md5
      md5: 7af71f85b708bfc84429ae99187abde3
      size: 2523
    - path: src/services/file_service.py
      hash: md5
      md5: a1949eaaa1d4a0622fb47147c6e6d0ab
      size: 658
    - path: src/services/ocr_pipeline.py
      hash: md5
      md5: 9e03e0d3814d750c2e2ab814b5209146
      size: 2441
    - path: src/services/ocr_service.py
      hash: md5
      md5: a0bb236324b4fad4e3e9934067913c74
      size: 9641
    - path: src/services/pdf_service.py
      hash: md5
      md5: 43e04bc84ac3c9f4f29790849e2def7e
      size: 471
    outs:
    - path: data/ocr/
      hash: md5
      md5: 75354b90c831e84f1b7910c18a694b55.dir
      size: 121180
      nfiles: 38
  register_models:
    cmd: python -m src.mlops.register_models
    deps:
    - path: data/models/classification/eval_report.txt
      hash: md5
      md5: edba2f9365f671c07fae02e3a9418703
      size: 503
    - path: data/models/classification/tfidf_logreg.joblib
      hash: md5
      md5: c58dfbd075b59b0ed2c4f35fe0e977ff
      size: 11732
    - path: src/mlops/register_models.py
      hash: md5
      md5: 4284abc277f129da5238220d7c1c43bf
      size: 5279
    outs:
    - path: data/models/registry_manifest.json
      hash: md5
      md5: 65cb809dbe08f978cd4ebcaaf87322d9
      size: 557
  classification:
    cmd: python -m src.pipelines.classification_pipeline
    deps:
    - path: data/models/classification/tfidf_logreg.joblib
      hash: md5
      md5: 908863c83e17a400c2401d56bea17220
      size: 11732
    - path: data/ocr/
      hash: md5
      md5: 75354b90c831e84f1b7910c18a694b55.dir
      size: 121180
      nfiles: 38
    - path: src/classification/ml_classifier.py
      hash: md5
      md5: c0168d37923272b41fb04db59f00cc13
      size: 2071
    - path: src/pipelines/classification_pipeline.py
      hash: md5
      md5: 724a48876934440b867720193957f549
      size: 2845
    outs:
    - path: data/classification/
      hash: md5
      md5: 82dd838053d10d14c89c41591c88ff42.dir
      size: 5927
      nfiles: 12
  extraction:
    cmd: python -m src.pipelines.extraction_pipeline
    deps:
    - path: config/extraction_config.yaml
      hash: md5
      md5: 21376c6c6d7c0fbfbadab382c4d7b471
      size: 1824
    - path: data/classification/
      hash: md5
      md5: 82dd838053d10d14c89c41591c88ff42.dir
      size: 5927
      nfiles: 12
    - path: data/ocr/
      hash: md5
      md5: 75354b90c831e84f1b7910c18a694b55.dir
      size: 121180
      nfiles: 38
    - path: src/pipelines/extraction_pipeline.py
      hash: md5
      md5: da5459bcc1c64105276765031ed06c03
      size: 8024
    - path: src/services/extractionservice.py
      hash: md5
      md5: 28873162dd05fce50b08f0ec290c6b71
      size: 12824
    params:
      config/extraction_config.yaml:
        confidence_thresholds:
          high: 0.85
          medium: 0.65
          low: 0.4
        spacy_model: en_core_web_sm
    outs:
    - path: data/extracted/
      hash: md5
      md5: ad2d47406cbffdbed494dd0ad1c6417b.dir
      size: 67105
      nfiles: 12
  validate:
    cmd: python -m src.pipelines.validation_pipeline
    deps:
    - path: data/extracted/
      hash: md5
      md5: ad2d47406cbffdbed494dd0ad1c6417b.dir
      size: 67105
      nfiles: 12
    - path: src/core/validation_models.py
      hash: md5
      md5: a1fec3fb579da932904026bea5b71007
      size: 2825
    - path: src/pipelines/validation_pipeline.py
      hash: md5
      md5: e447d2d5052b77881df7b5eb32401f43
      size: 17321
    outs:
    - path: data/results/validations/
      hash: md5
      md5: 5b64abdebfa6763b5ef21bc7b36e4453.dir
      size: 7346
      nfiles: 4
  rules:
    cmd: python -m src.pipelines.rules_pipeline
    deps:
    - path: config/rules_config.yaml
      hash: md5
      md5: 402479bb3db5f584605587e267fdd46e
      size: 5037
    - path: data/results/validations/
      hash: md5
      md5: 5b64abdebfa6763b5ef21bc7b36e4453.dir
      size: 7346
      nfiles: 4
    - path: src/core/validation_models.py
      hash: md5
      md5: a1fec3fb579da932904026bea5b71007
      size: 2825
    - path: src/pipelines/rules_pipeline.py
      hash: md5
      md5: 69412a603287e12752efd60c878985ac
      size: 10830
    outs:
    - path: data/results/risk_scores/
      hash: md5
      md5: ecead09cbdaec914f0b5a234bcc8bcdd.dir
      size: 8093
      nfiles: 4
